
Microsoft Visual Studio Solution File, Format Version 12.00
# Visual Studio Version 16
VisualStudioVersion = 16.0.29418.71
MinimumVisualStudioVersion = 10.0.40219.1
Project("{FAE04EC0-301F-11D3-BF4B-00C04F79EFBC}") = "CSBEF.Connector", "CSBEF.Connector\CSBEF.Connector.csproj", "{DD6538BF-738C-4973-A8A9-F615468CFEB2}"
EndProject
Global
	GlobalSection(SolutionConfigurationPlatforms) = preSolution
		Debug|Any CPU = Debug|Any CPU
		Release|Any CPU = Release|Any CPU
	EndGlobalSection
	GlobalSection(ProjectConfigurationPlatforms) = postSolution
		{DD6538BF-738C-4973-A8A9-F615468CFEB2}.Debug|Any CPU.ActiveCfg = Debug|Any CPU
		{DD6538BF-738C-4973-A8A9-F615468CFEB2}.Debug|Any CPU.Build.0 = Debug|Any CPU
		{DD6538BF-738C-4973-A8A9-F615468CFEB2}.Release|Any CPU.ActiveCfg = Release|Any CPU
		{DD6538BF-738C-4973-A8A9-F615468CFEB2}.Release|Any CPU.Build.0 = Release|Any CPU
	EndGlobalSection
	GlobalSection(SolutionProperties) = preSolution
		HideSolutionNode = FALSE
	EndGlobalSection
	GlobalSection(ExtensibilityGlobals) = postSolution
		SolutionGuid = {D9F70133-EDCF-47B4-B112-C1E855FF9D85}
	EndGlobalSection
EndGlobal
